
Microsoft Visual Studio Solution File, Format Version 12.00
# Visual Studio 15
VisualStudioVersion = 15.0.28307.421
MinimumVisualStudioVersion = 10.0.40219.1
Project("{FAE04EC0-301F-11D3-BF4B-00C04F79EFBC}") = "HCLiveChartsDemo", "HCLiveChartsDemo\HCLiveChartsDemo.csproj", "{7772D955-01B7-4194-AB8B-8995D0B017DA}"
EndProject
Project("{FAE04EC0-301F-11D3-BF4B-00C04F79EFBC}") = "HCLiveCharts", "HCLiveCharts\HCLiveCharts.csproj", "{C6DE474E-E342-479C-A9CD-3A4F9BDEBEE6}"
EndProject
Global
	GlobalSection(SolutionConfigurationPlatforms) = preSolution
		Debug|Any CPU = Debug|Any CPU
		Release|Any CPU = Release|Any CPU
	EndGlobalSection
	GlobalSection(ProjectConfigurationPlatforms) = postSolution
		{7772D955-01B7-4194-AB8B-8995D0B017DA}.Debug|Any CPU.ActiveCfg = Debug|Any CPU
		{7772D955-01B7-4194-AB8B-8995D0B017DA}.Debug|Any CPU.Build.0 = Debug|Any CPU
		{7772D955-01B7-4194-AB8B-8995D0B017DA}.Release|Any CPU.ActiveCfg = Release|Any CPU
		{7772D955-01B7-4194-AB8B-8995D0B017DA}.Release|Any CPU.Build.0 = Release|Any CPU
		{C6DE474E-E342-479C-A9CD-3A4F9BDEBEE6}.Debug|Any CPU.ActiveCfg = Debug|Any CPU
		{C6DE474E-E342-479C-A9CD-3A4F9BDEBEE6}.Debug|Any CPU.Build.0 = Debug|Any CPU
		{C6DE474E-E342-479C-A9CD-3A4F9BDEBEE6}.Release|Any CPU.ActiveCfg = Release|Any CPU
		{C6DE474E-E342-479C-A9CD-3A4F9BDEBEE6}.Release|Any CPU.Build.0 = Release|Any CPU
	EndGlobalSection
	GlobalSection(SolutionProperties) = preSolution
		HideSolutionNode = FALSE
	EndGlobalSection
	GlobalSection(ExtensibilityGlobals) = postSolution
		SolutionGuid = {90BDA0E4-87BE-420B-B526-5F064B564845}
	EndGlobalSection
EndGlobal
